
Microsoft Visual Studio Solution File, Format Version 12.00
# Visual Studio 15
VisualStudioVersion = 15.0.26403.3
MinimumVisualStudioVersion = 10.0.40219.1
Project("{FAE04EC0-301F-11D3-BF4B-00C04F79EFBC}") = "KpdApps.Productivity.DocumentViewer", "KpdApps.Productivity.DocumentViewer\KpdApps.Productivity.DocumentViewer.csproj", "{CE143E45-BAE0-4E4D-B347-0A3C4FBD6367}"
EndProject
Project("{FAE04EC0-301F-11D3-BF4B-00C04F79EFBC}") = "KpdApps.Productivity.DocumentViewer.DataConnections", "KpdApps.Productivity.DocumentViewer.DataConnections\KpdApps.Productivity.DocumentViewer.DataConnections.csproj", "{B31CF4A0-CF46-4246-833F-CF93842CD8C9}"
EndProject
Global
	GlobalSection(SolutionConfigurationPlatforms) = preSolution
		Debug|Any CPU = Debug|Any CPU
		Release|Any CPU = Release|Any CPU
	EndGlobalSection
	GlobalSection(ProjectConfigurationPlatforms) = postSolution
		{CE143E45-BAE0-4E4D-B347-0A3C4FBD6367}.Debug|Any CPU.ActiveCfg = Debug|Any CPU
		{CE143E45-BAE0-4E4D-B347-0A3C4FBD6367}.Debug|Any CPU.Build.0 = Debug|Any CPU
		{CE143E45-BAE0-4E4D-B347-0A3C4FBD6367}.Release|Any CPU.ActiveCfg = Release|Any CPU
		{CE143E45-BAE0-4E4D-B347-0A3C4FBD6367}.Release|Any CPU.Build.0 = Release|Any CPU
		{B31CF4A0-CF46-4246-833F-CF93842CD8C9}.Debug|Any CPU.ActiveCfg = Debug|Any CPU
		{B31CF4A0-CF46-4246-833F-CF93842CD8C9}.Debug|Any CPU.Build.0 = Debug|Any CPU
		{B31CF4A0-CF46-4246-833F-CF93842CD8C9}.Release|Any CPU.ActiveCfg = Release|Any CPU
		{B31CF4A0-CF46-4246-833F-CF93842CD8C9}.Release|Any CPU.Build.0 = Release|Any CPU
	EndGlobalSection
	GlobalSection(SolutionProperties) = preSolution
		HideSolutionNode = FALSE
	EndGlobalSection
EndGlobal
